
Microsoft Visual Studio Solution File, Format Version 12.00
# Visual Studio Version 17
VisualStudioVersion = 17.8.34511.84
MinimumVisualStudioVersion = 10.0.40219.1
Project("{FAE04EC0-301F-11D3-BF4B-00C04F79EFBC}") = "ScheduleReminder", "ScheduleReminder.csproj", "{7588AB35-4B01-4DB9-9723-4BDDF589FFC0}"
EndProject
Global
	GlobalSection(SolutionConfigurationPlatforms) = preSolution
		Debug|Any CPU = Debug|Any CPU
		Release|Any CPU = Release|Any CPU
	EndGlobalSection
	GlobalSection(ProjectConfigurationPlatforms) = postSolution
		{7588AB35-4B01-4DB9-9723-4BDDF589FFC0}.Debug|Any CPU.ActiveCfg = Debug|Any CPU
		{7588AB35-4B01-4DB9-9723-4BDDF589FFC0}.Debug|Any CPU.Build.0 = Debug|Any CPU
		{7588AB35-4B01-4DB9-9723-4BDDF589FFC0}.Release|Any CPU.ActiveCfg = Release|Any CPU
		{7588AB35-4B01-4DB9-9723-4BDDF589FFC0}.Release|Any CPU.Build.0 = Release|Any CPU
	EndGlobalSection
	GlobalSection(SolutionProperties) = preSolution
		HideSolutionNode = FALSE
	EndGlobalSection
	GlobalSection(ExtensibilityGlobals) = postSolution
		SolutionGuid = {5DA9E35C-284F-4D38-828F-63F88653BC82}
	EndGlobalSection
EndGlobal
